
Microsoft Visual Studio Solution File, Format Version 12.00
# Visual Studio 15
VisualStudioVersion = 15.0.28307.902
MinimumVisualStudioVersion = 10.0.40219.1
Project("{8BC9CEB8-8B4A-11D0-8D11-00A0C91BC942}") = "Client", "Client.vcxproj", "{5D161203-A981-3AA7-AE4E-A80645B6CCC2}"
EndProject
Global
	GlobalSection(SolutionConfigurationPlatforms) = preSolution
		Debug|Win32 = Debug|Win32
		Debug|x64 = Debug|x64
		Debug|x86 = Debug|x86
		Release|Win32 = Release|Win32
		Release|x64 = Release|x64
		Release|x86 = Release|x86
	EndGlobalSection
	GlobalSection(ProjectConfigurationPlatforms) = postSolution
		{5D161203-A981-3AA7-AE4E-A80645B6CCC2}.Debug|Win32.ActiveCfg = Debug|Win32
		{5D161203-A981-3AA7-AE4E-A80645B6CCC2}.Debug|Win32.Build.0 = Debug|Win32
		{5D161203-A981-3AA7-AE4E-A80645B6CCC2}.Debug|x64.ActiveCfg = Debug|x64
		{5D161203-A981-3AA7-AE4E-A80645B6CCC2}.Debug|x64.Build.0 = Debug|x64
		{5D161203-A981-3AA7-AE4E-A80645B6CCC2}.Debug|x64.Deploy.0 = Debug|x64
		{5D161203-A981-3AA7-AE4E-A80645B6CCC2}.Debug|x86.ActiveCfg = Debug|Win32
		{5D161203-A981-3AA7-AE4E-A80645B6CCC2}.Debug|x86.Build.0 = Debug|Win32
		{5D161203-A981-3AA7-AE4E-A80645B6CCC2}.Release|Win32.ActiveCfg = Release|Win32
		{5D161203-A981-3AA7-AE4E-A80645B6CCC2}.Release|Win32.Build.0 = Release|Win32
		{5D161203-A981-3AA7-AE4E-A80645B6CCC2}.Release|x64.ActiveCfg = Release|x64
		{5D161203-A981-3AA7-AE4E-A80645B6CCC2}.Release|x64.Build.0 = Release|x64
		{5D161203-A981-3AA7-AE4E-A80645B6CCC2}.Release|x86.ActiveCfg = Release|Win32
		{5D161203-A981-3AA7-AE4E-A80645B6CCC2}.Release|x86.Build.0 = Release|Win32
	EndGlobalSection
	GlobalSection(SolutionProperties) = preSolution
		HideSolutionNode = FALSE
	EndGlobalSection
	GlobalSection(ExtensibilityGlobals) = postSolution
		SolutionGuid = {C6DBBB0D-83EB-4713-9390-E48C7ED023B8}
	EndGlobalSection
EndGlobal
